PODS:
  - Alamofire (4.7.3)
  - AlamofireImage (3.4.1):
    - Alamofire (~> 4.7)

DEPENDENCIES:
  - Alamofire
  - AlamofireImage

SPEC REPOS:
  https://github.com/CocoaPods/Specs.git:
    - Alamofire
    - AlamofireImage

SPEC CHECKSUMS:
  Alamofire: c7287b6e5d7da964a70935e5db17046b7fde6568
  AlamofireImage: 78d67ccbb763d87ba44b21583d2153500a195630

PODFILE CHECKSUM: fd7877da7fdd6442db41c46d639e0cba395706d9

COCOAPODS: 1.5.0
